// !$*UTF8*$!
{
	archiveVersion = 1;
	classes = {
	};
	objectVersion = 50;
	objects = {

/* Begin PBXBuildFile section */
		F633066B21C4374C00F3ABBB /* AppDelegate.swift in Sources */ = {isa = PBXBuildFile; fileRef = F633066A21C4374C00F3ABBB /* AppDelegate.swift */; };
		F633067021C4374C00F3ABBB /* Main.storyboard in Resources */ = {isa = PBXBuildFile; fileRef = F633066E21C4374C00F3ABBB /* Main.storyboard */; };
		F633067221C4375100F3ABBB /* Assets.xcassets in Resources */ = {isa = PBXBuildFile; fileRef = F633067121C4375100F3ABBB /* Assets.xcassets */; };
		F633067521C4375100F3ABBB /* LaunchScreen.storyboard in Resources */ = {isa = PBXBuildFile; fileRef = F633067321C4375100F3ABBB /* LaunchScreen.storyboard */; };
		F633068521C43E0900F3ABBB /* InternetDetailViewController.swift in Sources */ = {isa = PBXBuildFile; fileRef = F633068421C43E0900F3ABBB /* InternetDetailViewController.swift */; };
/* End PBXBuildFile section */

/* Begin PBXFileReference section */
		F633066721C4374C00F3ABBB /* InternetApp.app */ = {isa = PBXFileReference; explicitFileType = wrapper.application; includeInIndex = 0; path = InternetApp.app; sourceTree = BUILT_PRODUCTS_DIR; };
		F633066A21C4374C00F3ABBB /* AppDelegate.swift */ = {isa = PBXFileReference; lastKnownFileType = sourcecode.swift; path = AppDelegate.swift; sourceTree = "<group>"; };
		F633066F21C4374C00F3ABBB /* Base */ = {isa = PBXFileReference; lastKnownFileType = file.storyboard; name = Base; path = Base.lproj/Main.storyboard; sourceTree = "<group>"; };
		F633067121C4375100F3ABBB /* Assets.xcassets */ = {isa = PBXFileReference; lastKnownFileType = folder.assetcatalog; path = Assets.xcassets; sourceTree = "<group>"; };
		F633067421C4375100F3ABBB /* Base */ = {isa = PBXFileReference; lastKnownFileType = file.storyboard; name = Base; path = Base.lproj/LaunchScreen.storyboard; sourceTree = "<group>"; };
		F633067621C4375100F3ABBB /* Info.plist */ = {isa = PBXFileReference; lastKnownFileType = text.plist.xml; path = Info.plist; sourceTree = "<group>"; };
		F633068421C43E0900F3ABBB /* InternetDetailViewController.swift */ = {isa = PBXFileReference; lastKnownFileType = sourcecode.swift; path = InternetDetailViewController.swift; sourceTree = "<group>"; };
/* End PBXFileReference section */

/* Begin PBXFrameworksBuildPhase section */
		F633066421C4374C00F3ABBB /* Frameworks */ = {
			isa = PBXFrameworksBuildPhase;
			buildActionMask = 2147483647;
			files = (
			);
			runOnlyForDeploymentPostprocessing = 0;
		};
/* End PBXFrameworksBuildPhase section */

/* Begin PBXGroup section */
		F633065E21C4374B00F3ABBB = {
			isa = PBXGroup;
			children = (
				F633066921C4374C00F3ABBB /* InternetApp */,
				F633066821C4374C00F3ABBB /* Products */,
			);
			sourceTree = "<group>";
		};
		F633066821C4374C00F3ABBB /* Products */ = {
			isa = PBXGroup;
			children = (
				F633066721C4374C00F3ABBB /* InternetApp.app */,
			);
			name = Products;
			sourceTree = "<group>";
		};
		F633066921C4374C00F3ABBB /* InternetApp */ = {
			isa = PBXGroup;
			children = (
				F633067E21C437F500F3ABBB /* Resources */,
				F633067D21C437E600F3ABBB /* Controller */,
				F633067F21C437FB00F3ABBB /* View */,
			);
			path = InternetApp;
			sourceTree = "<group>";
		};
		F633067D21C437E600F3ABBB /* Controller */ = {
			isa = PBXGroup;
			children = (
				F633068421C43E0900F3ABBB /* InternetDetailViewController.swift */,
			);
			path = Controller;
			sourceTree = "<group>";
		};
		F633067E21C437F500F3ABBB /* Resources */ = {
			isa = PBXGroup;
			children = (
				F633066A21C4374C00F3ABBB /* AppDelegate.swift */,
				F633067121C4375100F3ABBB /* Assets.xcassets */,
				F633067621C4375100F3ABBB /* Info.plist */,
			);
			path = Resources;
			sourceTree = "<group>";
		};
		F633067F21C437FB00F3ABBB /* View */ = {
			isa = PBXGroup;
			children = (
				F633066E21C4374C00F3ABBB /* Main.storyboard */,
				F633067321C4375100F3ABBB /* LaunchScreen.storyboard */,
			);
			path = View;
			sourceTree = "<group>";
		};
/* End PBXGroup section */

/* Begin PBXNativeTarget section */
		F633066621C4374C00F3ABBB /* InternetApp */ = {
			isa = PBXNativeTarget;
			buildConfigurationList = F633067921C4375100F3ABBB /* Build configuration list for PBXNativeTarget "InternetApp" */;
			buildPhases = (
				F633066321C4374C00F3ABBB /* Sources */,
				F633066421C4374C00F3ABBB /* Frameworks */,
				F633066521C4374C00F3ABBB /* Resources */,
			);
			buildRules = (
			);
			dependencies = (
			);
			name = InternetApp;
			productName = InternetApp;
			productReference = F633066721C4374C00F3ABBB /* InternetApp.app */;
			productType = "com.apple.product-type.application";
		};
/* End PBXNativeTarget section */

/* Begin PBXProject section */
		F633065F21C4374B00F3ABBB /* Project object */ = {
			isa = PBXProject;
			attributes = {
				LastSwiftUpdateCheck = 1000;
				LastUpgradeCheck = 1000;
				ORGANIZATIONNAME = CTEC;
				TargetAttributes = {
					F633066621C4374C00F3ABBB = {
						CreatedOnToolsVersion = 10.0;
					};
				};
			};
			buildConfigurationList = F633066221C4374B00F3ABBB /* Build configuration list for PBXProject "InternetApp" */;
			compatibilityVersion = "Xcode 9.3";
			developmentRegion = en;
			hasScannedForEncodings = 0;
			knownRegions = (
				en,
				Base,
			);
			mainGroup = F633065E21C4374B00F3ABBB;
			productRefGroup = F633066821C4374C00F3ABBB /* Products */;
			projectDirPath = "";
			projectRoot = "";
			targets = (
				F633066621C4374C00F3ABBB /* InternetApp */,
			);
		};
/* End PBXProject section */

/* Begin PBXResourcesBuildPhase section */
		F633066521C4374C00F3ABBB /* Resources */ = {
			isa = PBXResourcesBuildPhase;
			buildActionMask = 2147483647;
			files = (
				F633067521C4375100F3ABBB /* LaunchScreen.storyboard in Resources */,
				F633067221C4375100F3ABBB /* Assets.xcassets in Resources */,
				F633067021C4374C00F3ABBB /* Main.storyboard in Resources */,
			);
			runOnlyForDeploymentPostprocessing = 0;
		};
/* End PBXResourcesBuildPhase section */

/* Begin PBXSourcesBuildPhase section */
		F633066321C4374C00F3ABBB /* Sources */ = {
			isa = PBXSourcesBuildPhase;
			buildActionMask = 2147483647;
			files = (
				F633068521C43E0900F3ABBB /* InternetDetailViewController.swift in Sources */,
				F633066B21C4374C00F3ABBB /* AppDelegate.swift in Sources */,
			);
			runOnlyForDeploymentPostprocessing = 0;
		};
/* End PBXSourcesBuildPhase section */

/* Begin PBXVariantGroup section */
		F633066E21C4374C00F3ABBB /* Main.storyboard */ = {
			isa = PBXVariantGroup;
			children = (
				F633066F21C4374C00F3ABBB /* Base */,
			);
			name = Main.storyboard;
			sourceTree = "<group>";
		};
		F633067321C4375100F3ABBB /* LaunchScreen.storyboard */ = {
			isa = PBXVariantGroup;
			children = (
				F633067421C4375100F3ABBB /* Base */,
			);
			name = LaunchScreen.storyboard;
			sourceTree = "<group>";
		};
/* End PBXVariantGroup section */

/* Begin XCBuildConfiguration section */
		F633067721C4375100F3ABBB /* Debug */ = {
			isa = XCBuildConfiguration;
			buildSettings = {
				ALWAYS_SEARCH_USER_PATHS = NO;
				CLANG_ANALYZER_NONNULL = YES;
				CLANG_ANALYZER_NUMBER_OBJECT_CONVERSION = YES_AGGRESSIVE;
				CLANG_CXX_LANGUAGE_STANDARD = "gnu++14";
				CLANG_CXX_LIBRARY = "libc++";
				CLANG_ENABLE_MODULES = YES;
				CLANG_ENABLE_OBJC_ARC = YES;
				CLANG_ENABLE_OBJC_WEAK = YES;
				CLANG_WARN_BLOCK_CAPTURE_AUTORELEASING = YES;
				CLANG_WARN_BOOL_CONVERSION = YES;
				CLANG_WARN_COMMA = YES;
				CLANG_WARN_CONSTANT_CONVERSION = YES;
				CLANG_WARN_DEPRECATED_OBJC_IMPLEMENTATIONS = YES;
				CLANG_WARN_DIRECT_OBJC_ISA_USAGE = YES_ERROR;
				CLANG_WARN_DOCUMENTATION_COMMENTS = YES;
				CLANG_WARN_EMPTY_BODY = YES;
				CLANG_WARN_ENUM_CONVERSION = YES;
				CLANG_WARN_INFINITE_RECURSION = YES;
				CLANG_WARN_INT_CONVERSION = YES;
				CLANG_WARN_NON_LITERAL_NULL_CONVERSION = YES;
				CLANG_WARN_OBJC_IMPLICIT_RETAIN_SELF = YES;
				CLANG_WARN_OBJC_LITERAL_CONVERSION = YES;
				CLANG_WARN_OBJC_ROOT_CLASS = YES_ERROR;
				CLANG_WARN_RANGE_LOOP_ANALYSIS = YES;
				CLANG_WARN_STRICT_PROTOTYPES = YES;
				CLANG_WARN_SUSPICIOUS_MOVE = YES;
				CLANG_WARN_UNGUARDED_AVAILABILITY = YES_AGGRESSIVE;
				CLANG_WARN_UNREACHABLE_CODE = YES;
				CLANG_WARN__DUPLICATE_METHOD_MATCH = YES;
				CODE_SIGN_IDENTITY = "iPhone Developer";
				COPY_PHASE_STRIP = NO;
				DEBUG_INFORMATION_FORMAT = dwarf;
				ENABLE_STRICT_OBJC_MSGSEND = YES;
				ENABLE_TESTABILITY = YES;
				GCC_C_LANGUAGE_STANDARD = gnu11;
				GCC_DYNAMIC_NO_PIC = NO;
				GCC_NO_COMMON_BLOCKS = YES;
				GCC_OPTIMIZATION_LEVEL = 0;
				GCC_PREPROCESSOR_DEFINITIONS = (
					"DEBUG=1",
					"$(inherited)",
				);
				GCC_WARN_64_TO_32_BIT_CONVERSION = YES;
				GCC_WARN_ABOUT_RETURN_TYPE = YES_ERROR;
				GCC_WARN_UNDECLARED_SELECTOR = YES;
				GCC_WARN_UNINITIALIZED_AUTOS = YES_AGGRESSIVE;
				GCC_WARN_UNUSED_FUNCTION = YES;
				GCC_WARN_UNUSED_VARIABLE = YES;
				IPHONEOS_DEPLOYMENT_TARGET = 12.0;
				MTL_ENABLE_DEBUG_INFO = INCLUDE_SOURCE;
				MTL_FAST_MATH = YES;
				ONLY_ACTIVE_ARCH = YES;
				SDKROOT = iphoneos;
				SWIFT_ACTIVE_COMPILATION_CONDITIONS = DEBUG;
				SWIFT_OPTIMIZATION_LEVEL = "-Onone";
			};
			name = Debug;
		};
		F633067821C4375100F3ABBB /* Release */ = {
			isa = XCBuildConfiguration;
			buildSettings = {
				ALWAYS_SEARCH_USER_PATHS = NO;
				CLANG_ANALYZER_NONNULL = YES;
				CLANG_ANALYZER_NUMBER_OBJECT_CONVERSION = YES_AGGRESSIVE;
				CLANG_CXX_LANGUAGE_STANDARD = "gnu++14";
				CLANG_CXX_LIBRARY = "libc++";
				CLANG_ENABLE_MODULES = YES;
				CLANG_ENABLE_OBJC_ARC = YES;
				CLANG_ENABLE_OBJC_WEAK = YES;
				CLANG_WARN_BLOCK_CAPTURE_AUTORELEASING = YES;
				CLANG_WARN_BOOL_CONVERSION = YES;
				CLANG_WARN_COMMA = YES;
				CLANG_WARN_CONSTANT_CONVERSION = YES;
				CLANG_WARN_DEPRECATED_OBJC_IMPLEMENTATIONS = YES;
				CLANG_WARN_DIRECT_OBJC_ISA_USAGE = YES_ERROR;
				CLANG_WARN_DOCUMENTATION_COMMENTS = YES;
				CLANG_WARN_EMPTY_BODY = YES;
				CLANG_WARN_ENUM_CONVERSION = YES;
				CLANG_WARN_INFINITE_RECURSION = YES;
				CLANG_WARN_INT_CONVERSION = YES;
				CLANG_WARN_NON_LITERAL_NULL_CONVERSION = YES;
				CLANG_WARN_OBJC_IMPLICIT_RETAIN_SELF = YES;
				CLANG_WARN_OBJC_LITERAL_CONVERSION = YES;
				CLANG_WARN_OBJC_ROOT_CLASS = YES_ERROR;
				CLANG_WARN_RANGE_LOOP_ANALYSIS = YES;
				CLANG_WARN_STRICT_PROTOTYPES = YES;
				CLANG_WARN_SUSPICIOUS_MOVE = YES;
				CLANG_WARN_UNGUARDED_AVAILABILITY = YES_AGGRESSIVE;
				CLANG_WARN_UNREACHABLE_CODE = YES;
				CLANG_WARN__DUPLICATE_METHOD_MATCH = YES;
				CODE_SIGN_IDENTITY = "iPhone Developer";
				COPY_PHASE_STRIP = NO;
				DEBUG_INFORMATION_FORMAT = "dwarf-with-dsym";
				ENABLE_NS_ASSERTIONS = NO;
				ENABLE_STRICT_OBJC_MSGSEND = YES;
				GCC_C_LANGUAGE_STANDARD = gnu11;
				GCC_NO_COMMON_BLOCKS = YES;
				GCC_WARN_64_TO_32_BIT_CONVERSION = YES;
				GCC_WARN_ABOUT_RETURN_TYPE = YES_ERROR;
				GCC_WARN_UNDECLARED_SELECTOR = YES;
				GCC_WARN_UNINITIALIZED_AUTOS = YES_AGGRESSIVE;
				GCC_WARN_UNUSED_FUNCTION = YES;
				GCC_WARN_UNUSED_VARIABLE = YES;
				IPHONEOS_DEPLOYMENT_TARGET = 12.0;
				MTL_ENABLE_DEBUG_INFO = NO;
				MTL_FAST_MATH = YES;
				SDKROOT = iphoneos;
				SWIFT_COMPILATION_MODE = wholemodule;
				SWIFT_OPTIMIZATION_LEVEL = "-O";
				VALIDATE_PRODUCT = YES;
			};
			name = Release;
		};
		F633067A21C4375100F3ABBB /* Debug */ = {
			isa = XCBuildConfiguration;
			buildSettings = {
				ASSETCATALOG_COMPILER_APPICON_NAME = AppIcon;
				CODE_SIGN_STYLE = Automatic;
				INFOPLIST_FILE = "$(SRCROOT)/InternetApp/Resources/Info.plist";
				LD_RUNPATH_SEARCH_PATHS = (
					"$(inherited)",
					"@executable_path/Frameworks",
				);
				PRODUCT_BUNDLE_IDENTIFIER = CTEC.InternetApp;
				PRODUCT_NAME = "$(TARGET_NAME)";
				SWIFT_VERSION = 4.2;
				TARGETED_DEVICE_FAMILY = "1,2";
			};
			name = Debug;
		};
		F633067B21C4375100F3ABBB /* Release */ = {
			isa = XCBuildConfiguration;
			buildSettings = {
				ASSETCATALOG_COMPILER_APPICON_NAME = AppIcon;
				CODE_SIGN_STYLE = Automatic;
				INFOPLIST_FILE = "$(SRCROOT)/InternetApp/Resources/Info.plist";
				LD_RUNPATH_SEARCH_PATHS = (
					"$(inherited)",
					"@executable_path/Frameworks",
				);
				PRODUCT_BUNDLE_IDENTIFIER = CTEC.InternetApp;
				PRODUCT_NAME = "$(TARGET_NAME)";
				SWIFT_VERSION = 4.2;
				TARGETED_DEVICE_FAMILY = "1,2";
			};
			name = Release;
		};
/* End XCBuildConfiguration section */

/* Begin XCConfigurationList section */
		F633066221C4374B00F3ABBB /* Build configuration list for PBXProject "InternetApp" */ = {
			isa = XCConfigurationList;
			buildConfigurations = (
				F633067721C4375100F3ABBB /* Debug */,
				F633067821C4375100F3ABBB /* Release */,
			);
			defaultConfigurationIsVisible = 0;
			defaultConfigurationName = Release;
		};
		F633067921C4375100F3ABBB /* Build configuration list for PBXNativeTarget "InternetApp" */ = {
			isa = XCConfigurationList;
			buildConfigurations = (
				F633067A21C4375100F3ABBB /* Debug */,
				F633067B21C4375100F3ABBB /* Release */,
			);
			defaultConfigurationIsVisible = 0;
			defaultConfigurationName = Release;
		};
/* End XCConfigurationList section */
	};
	rootObject = F633065F21C4374B00F3ABBB /* Project object */;
}
